
Microsoft Visual Studio Solution File, Format Version 12.00
# Visual Studio Version 17
VisualStudioVersion = 17.7.34024.191
MinimumVisualStudioVersion = 10.0.40219.1
Project("{FAE04EC0-301F-11D3-BF4B-00C04F79EFBC}") = "pract6Kalendar", "pract6Kalendar\pract6Kalendar.csproj", "{8941D2CC-352A-4387-8438-BBD7FF95ECEF}"
EndProject
Global
	GlobalSection(SolutionConfigurationPlatforms) = preSolution
		Debug|Any CPU = Debug|Any CPU
		Release|Any CPU = Release|Any CPU
	EndGlobalSection
	GlobalSection(ProjectConfigurationPlatforms) = postSolution
		{8941D2CC-352A-4387-8438-BBD7FF95ECEF}.Debug|Any CPU.ActiveCfg = Debug|Any CPU
		{8941D2CC-352A-4387-8438-BBD7FF95ECEF}.Debug|Any CPU.Build.0 = Debug|Any CPU
		{8941D2CC-352A-4387-8438-BBD7FF95ECEF}.Release|Any CPU.ActiveCfg = Release|Any CPU
		{8941D2CC-352A-4387-8438-BBD7FF95ECEF}.Release|Any CPU.Build.0 = Release|Any CPU
	EndGlobalSection
	GlobalSection(SolutionProperties) = preSolution
		HideSolutionNode = FALSE
	EndGlobalSection
	GlobalSection(ExtensibilityGlobals) = postSolution
		SolutionGuid = {709DD10E-47CC-489A-92AB-B9C19252D3D1}
	EndGlobalSection
EndGlobal
